
Microsoft Visual Studio Solution File, Format Version 9.00
# Visual Studio 2005
Project("{FAE04EC0-301F-11D3-BF4B-00C04F79EFBC}") = "FtpDotNet", "FtpDotNet.csproj", "{54A84932-6AB0-451D-8DA1-2144514DE249}"
EndProject
Global
	GlobalSection(SolutionConfigurationPlatforms) = preSolution
		Debug|Any CPU = Debug|Any CPU
		Release|Any CPU = Release|Any CPU
	EndGlobalSection
	GlobalSection(ProjectConfigurationPlatforms) = postSolution
		{54A84932-6AB0-451D-8DA1-2144514DE249}.Debug|Any CPU.ActiveCfg = Debug|Any CPU
		{54A84932-6AB0-451D-8DA1-2144514DE249}.Debug|Any CPU.Build.0 = Debug|Any CPU
		{54A84932-6AB0-451D-8DA1-2144514DE249}.Release|Any CPU.ActiveCfg = Release|Any CPU
		{54A84932-6AB0-451D-8DA1-2144514DE249}.Release|Any CPU.Build.0 = Release|Any CPU
	EndGlobalSection
	GlobalSection(SolutionProperties) = preSolution
		HideSolutionNode = FALSE
	EndGlobalSection
EndGlobal
